// !$*UTF8*$!
{
	archiveVersion = 1;
	classes = {
	};
	objectVersion = 46;
	objects = {

/* Begin PBXBuildFile section */
		61CF368916E5425E0030C2A0 /* UIKit.framework in Frameworks */ = {isa = PBXBuildFile; fileRef = 61CF368816E5425E0030C2A0 /* UIKit.framework */; };
		61CF368B16E5425E0030C2A0 /* Foundation.framework in Frameworks */ = {isa = PBXBuildFile; fileRef = 61CF368A16E5425E0030C2A0 /* Foundation.framework */; };
		61CF368D16E5425E0030C2A0 /* CoreGraphics.framework in Frameworks */ = {isa = PBXBuildFile; fileRef = 61CF368C16E5425E0030C2A0 /* CoreGraphics.framework */; };
		61CF369316E5425E0030C2A0 /* InfoPlist.strings in Resources */ = {isa = PBXBuildFile; fileRef = 61CF369116E5425E0030C2A0 /* InfoPlist.strings */; };
		61CF369516E5425E0030C2A0 /* main.m in Sources */ = {isa = PBXBuildFile; fileRef = 61CF369416E5425E0030C2A0 /* main.m */; };
		61CF369916E5425E0030C2A0 /* CalculatorAppDelegate.m in Sources */ = {isa = PBXBuildFile; fileRef = 61CF369816E5425E0030C2A0 /* CalculatorAppDelegate.m */; };
		61CF369B16E5425E0030C2A0 /* Default.png in Resources */ = {isa = PBXBuildFile; fileRef = 61CF369A16E5425E0030C2A0 /* Default.png */; };
		61CF369D16E5425E0030C2A0 /* Default@2x.png in Resources */ = {isa = PBXBuildFile; fileRef = 61CF369C16E5425E0030C2A0 /* Default@2x.png */; };
		61CF369F16E5425E0030C2A0 /* Default-568h@2x.png in Resources */ = {isa = PBXBuildFile; fileRef = 61CF369E16E5425E0030C2A0 /* Default-568h@2x.png */; };
		61CF36A216E5425E0030C2A0 /* MainStoryboard.storyboard in Resources */ = {isa = PBXBuildFile; fileRef = 61CF36A016E5425E0030C2A0 /* MainStoryboard.storyboard */; };
		61CF36A516E5425E0030C2A0 /* CalculatorViewController.m in Sources */ = {isa = PBXBuildFile; fileRef = 61CF36A416E5425E0030C2A0 /* CalculatorViewController.m */; };
		61CF36AD16E54D4B0030C2A0 /* CalculatorBrain.m in Sources */ = {isa = PBXBuildFile; fileRef = 61CF36AC16E54D4B0030C2A0 /* CalculatorBrain.m */; };
/* End PBXBuildFile section */

/* Begin PBXFileReference section */
		61CF368516E5425E0030C2A0 /* Calculator.app */ = {isa = PBXFileReference; explicitFileType = wrapper.application; includeInIndex = 0; path = Calculator.app; sourceTree = BUILT_PRODUCTS_DIR; };
		61CF368816E5425E0030C2A0 /* UIKit.framework */ = {isa = PBXFileReference; lastKnownFileType = wrapper.framework; name = UIKit.framework; path = System/Library/Frameworks/UIKit.framework; sourceTree = SDKROOT; };
		61CF368A16E5425E0030C2A0 /* Foundation.framework */ = {isa = PBXFileReference; lastKnownFileType = wrapper.framework; name = Foundation.framework; path = System/Library/Frameworks/Foundation.framework; sourceTree = SDKROOT; };
		61CF368C16E5425E0030C2A0 /* CoreGraphics.framework */ = {isa = PBXFileReference; lastKnownFileType = wrapper.framework; name = CoreGraphics.framework; path = System/Library/Frameworks/CoreGraphics.framework; sourceTree = SDKROOT; };
		61CF369016E5425E0030C2A0 /* Calculator-Info.plist */ = {isa = PBXFileReference; lastKnownFileType = text.plist.xml; path = "Calculator-Info.plist"; sourceTree = "<group>"; };
		61CF369216E5425E0030C2A0 /* en */ = {isa = PBXFileReference; lastKnownFileType = text.plist.strings; name = en; path = en.lproj/InfoPlist.strings; sourceTree = "<group>"; };
		61CF369416E5425E0030C2A0 /* main.m */ = {isa = PBXFileReference; lastKnownFileType = sourcecode.c.objc; path = main.m; sourceTree = "<group>"; };
		61CF369616E5425E0030C2A0 /* Calculator-Prefix.pch */ = {isa = PBXFileReference; lastKnownFileType = sourcecode.c.h; path = "Calculator-Prefix.pch"; sourceTree = "<group>"; };
		61CF369716E5425E0030C2A0 /* CalculatorAppDelegate.h */ = {isa = PBXFileReference; lastKnownFileType = sourcecode.c.h; path = CalculatorAppDelegate.h; sourceTree = "<group>"; };
		61CF369816E5425E0030C2A0 /* CalculatorAppDelegate.m */ = {isa = PBXFileReference; lastKnownFileType = sourcecode.c.objc; path = CalculatorAppDelegate.m; sourceTree = "<group>"; };
		61CF369A16E5425E0030C2A0 /* Default.png */ = {isa = PBXFileReference; lastKnownFileType = image.png; path = Default.png; sourceTree = "<group>"; };
		61CF369C16E5425E0030C2A0 /* Default@2x.png */ = {isa = PBXFileReference; lastKnownFileType = image.png; path = "Default@2x.png"; sourceTree = "<group>"; };
		61CF369E16E5425E0030C2A0 /* Default-568h@2x.png */ = {isa = PBXFileReference; lastKnownFileType = image.png; path = "Default-568h@2x.png"; sourceTree = "<group>"; };
		61CF36A116E5425E0030C2A0 /* en */ = {isa = PBXFileReference; lastKnownFileType = file.storyboard; name = en; path = en.lproj/MainStoryboard.storyboard; sourceTree = "<group>"; };
		61CF36A316E5425E0030C2A0 /* CalculatorViewController.h */ = {isa = PBXFileReference; lastKnownFileType = sourcecode.c.h; path = CalculatorViewController.h; sourceTree = "<group>"; };
		61CF36A416E5425E0030C2A0 /* CalculatorViewController.m */ = {isa = PBXFileReference; lastKnownFileType = sourcecode.c.objc; path = CalculatorViewController.m; sourceTree = "<group>"; };
		61CF36AB16E54D4B0030C2A0 /* CalculatorBrain.h */ = {isa = PBXFileReference; fileEncoding = 4; lastKnownFileType = sourcecode.c.h; path = CalculatorBrain.h; sourceTree = SOURCE_ROOT; };
		61CF36AC16E54D4B0030C2A0 /* CalculatorBrain.m */ = {isa = PBXFileReference; fileEncoding = 4; lastKnownFileType = sourcecode.c.objc; path = CalculatorBrain.m; sourceTree = SOURCE_ROOT; };
/* End PBXFileReference section */

/* Begin PBXFrameworksBuildPhase section */
		61CF368216E5425E0030C2A0 /* Frameworks */ = {
			isa = PBXFrameworksBuildPhase;
			buildActionMask = 2147483647;
			files = (
				61CF368916E5425E0030C2A0 /* UIKit.framework in Frameworks */,
				61CF368B16E5425E0030C2A0 /* Foundation.framework in Frameworks */,
				61CF368D16E5425E0030C2A0 /* CoreGraphics.framework in Frameworks */,
			);
			runOnlyForDeploymentPostprocessing = 0;
		};
/* End PBXFrameworksBuildPhase section */

/* Begin PBXGroup section */
		61CF367C16E5425E0030C2A0 = {
			isa = PBXGroup;
			children = (
				61CF368E16E5425E0030C2A0 /* Calculator */,
				61CF368716E5425E0030C2A0 /* Frameworks */,
				61CF368616E5425E0030C2A0 /* Products */,
			);
			sourceTree = "<group>";
		};
		61CF368616E5425E0030C2A0 /* Products */ = {
			isa = PBXGroup;
			children = (
				61CF368516E5425E0030C2A0 /* Calculator.app */,
			);
			name = Products;
			sourceTree = "<group>";
		};
		61CF368716E5425E0030C2A0 /* Frameworks */ = {
			isa = PBXGroup;
			children = (
				61CF368816E5425E0030C2A0 /* UIKit.framework */,
				61CF368A16E5425E0030C2A0 /* Foundation.framework */,
				61CF368C16E5425E0030C2A0 /* CoreGraphics.framework */,
			);
			name = Frameworks;
			sourceTree = "<group>";
		};
		61CF368E16E5425E0030C2A0 /* Calculator */ = {
			isa = PBXGroup;
			children = (
				61CF369716E5425E0030C2A0 /* CalculatorAppDelegate.h */,
				61CF36AB16E54D4B0030C2A0 /* CalculatorBrain.h */,
				61CF36AC16E54D4B0030C2A0 /* CalculatorBrain.m */,
				61CF369816E5425E0030C2A0 /* CalculatorAppDelegate.m */,
				61CF36A016E5425E0030C2A0 /* MainStoryboard.storyboard */,
				61CF36A316E5425E0030C2A0 /* CalculatorViewController.h */,
				61CF36A416E5425E0030C2A0 /* CalculatorViewController.m */,
				61CF368F16E5425E0030C2A0 /* Supporting Files */,
			);
			path = Calculator;
			sourceTree = "<group>";
		};
		61CF368F16E5425E0030C2A0 /* Supporting Files */ = {
			isa = PBXGroup;
			children = (
				61CF369016E5425E0030C2A0 /* Calculator-Info.plist */,
				61CF369116E5425E0030C2A0 /* InfoPlist.strings */,
				61CF369416E5425E0030C2A0 /* main.m */,
				61CF369616E5425E0030C2A0 /* Calculator-Prefix.pch */,
				61CF369A16E5425E0030C2A0 /* Default.png */,
				61CF369C16E5425E0030C2A0 /* Default@2x.png */,
				61CF369E16E5425E0030C2A0 /* Default-568h@2x.png */,
			);
			name = "Supporting Files";
			sourceTree = "<group>";
		};
/* End PBXGroup section */

/* Begin PBXNativeTarget section */
		61CF368416E5425E0030C2A0 /* Calculator */ = {
			isa = PBXNativeTarget;
			buildConfigurationList = 61CF36A816E5425E0030C2A0 /* Build configuration list for PBXNativeTarget "Calculator" */;
			buildPhases = (
				61CF368116E5425E0030C2A0 /* Sources */,
				61CF368216E5425E0030C2A0 /* Frameworks */,
				61CF368316E5425E0030C2A0 /* Resources */,
			);
			buildRules = (
			);
			dependencies = (
			);
			name = Calculator;
			productName = Calculator;
			productReference = 61CF368516E5425E0030C2A0 /* Calculator.app */;
			productType = "com.apple.product-type.application";
		};
/* End PBXNativeTarget section */

/* Begin PBXProject section */
		61CF367D16E5425E0030C2A0 /* Project object */ = {
			isa = PBXProject;
			attributes = {
				CLASSPREFIX = Calculator;
				LastUpgradeCheck = 0460;
				ORGANIZATIONNAME = "David Eleazar García Santiago";
			};
			buildConfigurationList = 61CF368016E5425E0030C2A0 /* Build configuration list for PBXProject "Calculator" */;
			compatibilityVersion = "Xcode 3.2";
			developmentRegion = English;
			hasScannedForEncodings = 0;
			knownRegions = (
				en,
			);
			mainGroup = 61CF367C16E5425E0030C2A0;
			productRefGroup = 61CF368616E5425E0030C2A0 /* Products */;
			projectDirPath = "";
			projectRoot = "";
			targets = (
				61CF368416E5425E0030C2A0 /* Calculator */,
			);
		};
/* End PBXProject section */

/* Begin PBXResourcesBuildPhase section */
		61CF368316E5425E0030C2A0 /* Resources */ = {
			isa = PBXResourcesBuildPhase;
			buildActionMask = 2147483647;
			files = (
				61CF369316E5425E0030C2A0 /* InfoPlist.strings in Resources */,
				61CF369B16E5425E0030C2A0 /* Default.png in Resources */,
				61CF369D16E5425E0030C2A0 /* Default@2x.png in Resources */,
				61CF369F16E5425E0030C2A0 /* Default-568h@2x.png in Resources */,
				61CF36A216E5425E0030C2A0 /* MainStoryboard.storyboard in Resources */,
			);
			runOnlyForDeploymentPostprocessing = 0;
		};
/* End PBXResourcesBuildPhase section */

/* Begin PBXSourcesBuildPhase section */
		61CF368116E5425E0030C2A0 /* Sources */ = {
			isa = PBXSourcesBuildPhase;
			buildActionMask = 2147483647;
			files = (
				61CF369516E5425E0030C2A0 /* main.m in Sources */,
				61CF369916E5425E0030C2A0 /* CalculatorAppDelegate.m in Sources */,
				61CF36A516E5425E0030C2A0 /* CalculatorViewController.m in Sources */,
				61CF36AD16E54D4B0030C2A0 /* CalculatorBrain.m in Sources */,
			);
			runOnlyForDeploymentPostprocessing = 0;
		};
/* End PBXSourcesBuildPhase section */

/* Begin PBXVariantGroup section */
		61CF369116E5425E0030C2A0 /* InfoPlist.strings */ = {
			isa = PBXVariantGroup;
			children = (
				61CF369216E5425E0030C2A0 /* en */,
			);
			name = InfoPlist.strings;
			sourceTree = "<group>";
		};
		61CF36A016E5425E0030C2A0 /* MainStoryboard.storyboard */ = {
			isa = PBXVariantGroup;
			children = (
				61CF36A116E5425E0030C2A0 /* en */,
			);
			name = MainStoryboard.storyboard;
			sourceTree = "<group>";
		};
/* End PBXVariantGroup section */

/* Begin XCBuildConfiguration section */
		61CF36A616E5425E0030C2A0 /* Debug */ = {
			isa = XCBuildConfiguration;
			buildSettings = {
				ALWAYS_SEARCH_USER_PATHS = NO;
				CLANG_CXX_LANGUAGE_STANDARD = "gnu++0x";
				CLANG_CXX_LIBRARY = "libc++";
				CLANG_ENABLE_OBJC_ARC = YES;
				CLANG_WARN_CONSTANT_CONVERSION = YES;
				CLANG_WARN_EMPTY_BODY = YES;
				CLANG_WARN_ENUM_CONVERSION = YES;
				CLANG_WARN_INT_CONVERSION = YES;
				CLANG_WARN__DUPLICATE_METHOD_MATCH = YES;
				"CODE_SIGN_IDENTITY[sdk=iphoneos*]" = "iPhone Developer";
				COPY_PHASE_STRIP = NO;
				GCC_C_LANGUAGE_STANDARD = gnu99;
				GCC_DYNAMIC_NO_PIC = NO;
				GCC_OPTIMIZATION_LEVEL = 0;
				GCC_PREPROCESSOR_DEFINITIONS = (
					"DEBUG=1",
					"$(inherited)",
				);
				GCC_SYMBOLS_PRIVATE_EXTERN = NO;
				GCC_WARN_ABOUT_RETURN_TYPE = YES;
				GCC_WARN_UNINITIALIZED_AUTOS = YES;
				GCC_WARN_UNUSED_VARIABLE = YES;
				IPHONEOS_DEPLOYMENT_TARGET = 6.1;
				ONLY_ACTIVE_ARCH = YES;
				SDKROOT = iphoneos;
			};
			name = Debug;
		};
		61CF36A716E5425E0030C2A0 /* Release */ = {
			isa = XCBuildConfiguration;
			buildSettings = {
				ALWAYS_SEARCH_USER_PATHS = NO;
				CLANG_CXX_LANGUAGE_STANDARD = "gnu++0x";
				CLANG_CXX_LIBRARY = "libc++";
				CLANG_ENABLE_OBJC_ARC = YES;
				CLANG_WARN_CONSTANT_CONVERSION = YES;
				CLANG_WARN_EMPTY_BODY = YES;
				CLANG_WARN_ENUM_CONVERSION = YES;
				CLANG_WARN_INT_CONVERSION = YES;
				CLANG_WARN__DUPLICATE_METHOD_MATCH = YES;
				"CODE_SIGN_IDENTITY[sdk=iphoneos*]" = "iPhone Developer";
				COPY_PHASE_STRIP = YES;
				GCC_C_LANGUAGE_STANDARD = gnu99;
				GCC_WARN_ABOUT_RETURN_TYPE = YES;
				GCC_WARN_UNINITIALIZED_AUTOS = YES;
				GCC_WARN_UNUSED_VARIABLE = YES;
				IPHONEOS_DEPLOYMENT_TARGET = 6.1;
				OTHER_CFLAGS = "-DNS_BLOCK_ASSERTIONS=1";
				SDKROOT = iphoneos;
				VALIDATE_PRODUCT = YES;
			};
			name = Release;
		};
		61CF36A916E5425E0030C2A0 /* Debug */ = {
			isa = XCBuildConfiguration;
			buildSettings = {
				GCC_PRECOMPILE_PREFIX_HEADER = YES;
				GCC_PREFIX_HEADER = "Calculator/Calculator-Prefix.pch";
				INFOPLIST_FILE = "Calculator/Calculator-Info.plist";
				PRODUCT_NAME = "$(TARGET_NAME)";
				WRAPPER_EXTENSION = app;
			};
			name = Debug;
		};
		61CF36AA16E5425E0030C2A0 /* Release */ = {
			isa = XCBuildConfiguration;
			buildSettings = {
				GCC_PRECOMPILE_PREFIX_HEADER = YES;
				GCC_PREFIX_HEADER = "Calculator/Calculator-Prefix.pch";
				INFOPLIST_FILE = "Calculator/Calculator-Info.plist";
				PRODUCT_NAME = "$(TARGET_NAME)";
				WRAPPER_EXTENSION = app;
			};
			name = Release;
		};
/* End XCBuildConfiguration section */

/* Begin XCConfigurationList section */
		61CF368016E5425E0030C2A0 /* Build configuration list for PBXProject "Calculator" */ = {
			isa = XCConfigurationList;
			buildConfigurations = (
				61CF36A616E5425E0030C2A0 /* Debug */,
				61CF36A716E5425E0030C2A0 /* Release */,
			);
			defaultConfigurationIsVisible = 0;
			defaultConfigurationName = Release;
		};
		61CF36A816E5425E0030C2A0 /* Build configuration list for PBXNativeTarget "Calculator" */ = {
			isa = XCConfigurationList;
			buildConfigurations = (
				61CF36A916E5425E0030C2A0 /* Debug */,
				61CF36AA16E5425E0030C2A0 /* Release */,
			);
			defaultConfigurationIsVisible = 0;
		};
/* End XCConfigurationList section */
	};
	rootObject = 61CF367D16E5425E0030C2A0 /* Project object */;
}
